// !$*UTF8*$!
{
	archiveVersion = 1;
	classes = {
	};
	objectVersion = 56;
	objects = {

/* Begin PBXBuildFile section */
		B8A52D8F2A140D03003218FC /* AppDelegate.swift in Sources */ = {isa = PBXBuildFile; fileRef = B8A52D8E2A140D03003218FC /* AppDelegate.swift */; };
		B8A52D912A140D03003218FC /* SceneDelegate.swift in Sources */ = {isa = PBXBuildFile; fileRef = B8A52D902A140D03003218FC /* SceneDelegate.swift */; };
		B8A52D932A140D03003218FC /* MainTabBarController.swift in Sources */ = {isa = PBXBuildFile; fileRef = B8A52D922A140D03003218FC /* MainTabBarController.swift */; };
		B8A52D962A140D03003218FC /* Main.storyboard in Resources */ = {isa = PBXBuildFile; fileRef = B8A52D942A140D03003218FC /* Main.storyboard */; };
		B8A52D982A140D05003218FC /* Assets.xcassets in Resources */ = {isa = PBXBuildFile; fileRef = B8A52D972A140D05003218FC /* Assets.xcassets */; };
		B8A52D9B2A140D05003218FC /* LaunchScreen.storyboard in Resources */ = {isa = PBXBuildFile; fileRef = B8A52D992A140D05003218FC /* LaunchScreen.storyboard */; };
		B8A52DA52A141A22003218FC /* UIColor+extensions.swift in Sources */ = {isa = PBXBuildFile; fileRef = B8A52DA42A141A22003218FC /* UIColor+extensions.swift */; };
		B8A52DA72A141B6C003218FC /* TrackersViewController.swift in Sources */ = {isa = PBXBuildFile; fileRef = B8A52DA62A141B6C003218FC /* TrackersViewController.swift */; };
		B8A52DA92A141B79003218FC /* StatisticsViewController.swift in Sources */ = {isa = PBXBuildFile; fileRef = B8A52DA82A141B79003218FC /* StatisticsViewController.swift */; };
		B8C27C8C2A3BA5FC0085686A /* UIViewController+extensions.swift in Sources */ = {isa = PBXBuildFile; fileRef = B8C27C8B2A3BA5FC0085686A /* UIViewController+extensions.swift */; };
		B8C27C8F2A3BA9450085686A /* CategoryModel.swift in Sources */ = {isa = PBXBuildFile; fileRef = B8C27C8E2A3BA9450085686A /* CategoryModel.swift */; };
		B8C27C912A3BA95F0085686A /* RecordModel.swift in Sources */ = {isa = PBXBuildFile; fileRef = B8C27C902A3BA95F0085686A /* RecordModel.swift */; };
		B8C27C932A3BA9750085686A /* TrackerModel.swift in Sources */ = {isa = PBXBuildFile; fileRef = B8C27C922A3BA9750085686A /* TrackerModel.swift */; };
		B8C27C962A65489F0085686A /* CollectionWidthParameters.swift in Sources */ = {isa = PBXBuildFile; fileRef = B8C27C952A65489F0085686A /* CollectionWidthParameters.swift */; };
		B8C27C982A6548C00085686A /* SettingOptions.swift in Sources */ = {isa = PBXBuildFile; fileRef = B8C27C972A6548C00085686A /* SettingOptions.swift */; };
		B8C27C9A2A6548D60085686A /* SwitchOptions.swift in Sources */ = {isa = PBXBuildFile; fileRef = B8C27C992A6548D60085686A /* SwitchOptions.swift */; };
		B8C27C9C2A6548EA0085686A /* WeekDay.swift in Sources */ = {isa = PBXBuildFile; fileRef = B8C27C9B2A6548EA0085686A /* WeekDay.swift */; };
		B8C27C9E2A65495D0085686A /* ConfigureScheduleViewController.swift in Sources */ = {isa = PBXBuildFile; fileRef = B8C27C9D2A65495D0085686A /* ConfigureScheduleViewController.swift */; };
		B8C27CA02A6549740085686A /* CreateEventViewController.swift in Sources */ = {isa = PBXBuildFile; fileRef = B8C27C9F2A6549740085686A /* CreateEventViewController.swift */; };
		B8C27CA22A65498E0085686A /* CreateHabitViewController.swift in Sources */ = {isa = PBXBuildFile; fileRef = B8C27CA12A65498E0085686A /* CreateHabitViewController.swift */; };
		B8C27CA42A6549A60085686A /* CreateTrackerViewController.swift in Sources */ = {isa = PBXBuildFile; fileRef = B8C27CA32A6549A60085686A /* CreateTrackerViewController.swift */; };
		B8C27CA72A6550C80085686A /* CustomTextField.swift in Sources */ = {isa = PBXBuildFile; fileRef = B8C27CA62A6550C80085686A /* CustomTextField.swift */; };
		B8C27CAB2A6550F30085686A /* SettingTableViewCell.swift in Sources */ = {isa = PBXBuildFile; fileRef = B8C27CAA2A6550F30085686A /* SettingTableViewCell.swift */; };
		B8C27CAD2A6551060085686A /* SwitchTableViewCell.swift in Sources */ = {isa = PBXBuildFile; fileRef = B8C27CAC2A6551060085686A /* SwitchTableViewCell.swift */; };
		B8C27CAF2A65511C0085686A /* TrackerCollectionViewCell.swift in Sources */ = {isa = PBXBuildFile; fileRef = B8C27CAE2A65511C0085686A /* TrackerCollectionViewCell.swift */; };
		B8C27CB12A6551340085686A /* TrackerCollectionViewHeader.swift in Sources */ = {isa = PBXBuildFile; fileRef = B8C27CB02A6551340085686A /* TrackerCollectionViewHeader.swift */; };
/* End PBXBuildFile section */

/* Begin PBXFileReference section */
		B8A52D8B2A140D03003218FC /* Tracker.app */ = {isa = PBXFileReference; explicitFileType = wrapper.application; includeInIndex = 0; path = Tracker.app; sourceTree = BUILT_PRODUCTS_DIR; };
		B8A52D8E2A140D03003218FC /* AppDelegate.swift */ = {isa = PBXFileReference; lastKnownFileType = sourcecode.swift; path = AppDelegate.swift; sourceTree = "<group>"; };
		B8A52D902A140D03003218FC /* SceneDelegate.swift */ = {isa = PBXFileReference; lastKnownFileType = sourcecode.swift; path = SceneDelegate.swift; sourceTree = "<group>"; };
		B8A52D922A140D03003218FC /* MainTabBarController.swift */ = {isa = PBXFileReference; lastKnownFileType = sourcecode.swift; path = MainTabBarController.swift; sourceTree = "<group>"; };
		B8A52D952A140D03003218FC /* Base */ = {isa = PBXFileReference; lastKnownFileType = file.storyboard; name = Base; path = Base.lproj/Main.storyboard; sourceTree = "<group>"; };
		B8A52D972A140D05003218FC /* Assets.xcassets */ = {isa = PBXFileReference; lastKnownFileType = folder.assetcatalog; path = Assets.xcassets; sourceTree = "<group>"; };
		B8A52D9A2A140D05003218FC /* Base */ = {isa = PBXFileReference; lastKnownFileType = file.storyboard; name = Base; path = Base.lproj/LaunchScreen.storyboard; sourceTree = "<group>"; };
		B8A52D9C2A140D05003218FC /* Info.plist */ = {isa = PBXFileReference; lastKnownFileType = text.plist.xml; path = Info.plist; sourceTree = "<group>"; };
		B8A52DA42A141A22003218FC /* UIColor+extensions.swift */ = {isa = PBXFileReference; lastKnownFileType = sourcecode.swift; path = "UIColor+extensions.swift"; sourceTree = "<group>"; };
		B8A52DA62A141B6C003218FC /* TrackersViewController.swift */ = {isa = PBXFileReference; lastKnownFileType = sourcecode.swift; path = TrackersViewController.swift; sourceTree = "<group>"; };
		B8A52DA82A141B79003218FC /* StatisticsViewController.swift */ = {isa = PBXFileReference; lastKnownFileType = sourcecode.swift; path = StatisticsViewController.swift; sourceTree = "<group>"; };
		B8C27C8B2A3BA5FC0085686A /* UIViewController+extensions.swift */ = {isa = PBXFileReference; lastKnownFileType = sourcecode.swift; path = "UIViewController+extensions.swift"; sourceTree = "<group>"; };
		B8C27C8E2A3BA9450085686A /* CategoryModel.swift */ = {isa = PBXFileReference; lastKnownFileType = sourcecode.swift; path = CategoryModel.swift; sourceTree = "<group>"; };
		B8C27C902A3BA95F0085686A /* RecordModel.swift */ = {isa = PBXFileReference; lastKnownFileType = sourcecode.swift; path = RecordModel.swift; sourceTree = "<group>"; };
		B8C27C922A3BA9750085686A /* TrackerModel.swift */ = {isa = PBXFileReference; lastKnownFileType = sourcecode.swift; path = TrackerModel.swift; sourceTree = "<group>"; };
		B8C27C952A65489F0085686A /* CollectionWidthParameters.swift */ = {isa = PBXFileReference; lastKnownFileType = sourcecode.swift; path = CollectionWidthParameters.swift; sourceTree = "<group>"; };
		B8C27C972A6548C00085686A /* SettingOptions.swift */ = {isa = PBXFileReference; lastKnownFileType = sourcecode.swift; path = SettingOptions.swift; sourceTree = "<group>"; };
		B8C27C992A6548D60085686A /* SwitchOptions.swift */ = {isa = PBXFileReference; lastKnownFileType = sourcecode.swift; path = SwitchOptions.swift; sourceTree = "<group>"; };
		B8C27C9B2A6548EA0085686A /* WeekDay.swift */ = {isa = PBXFileReference; lastKnownFileType = sourcecode.swift; path = WeekDay.swift; sourceTree = "<group>"; };
		B8C27C9D2A65495D0085686A /* ConfigureScheduleViewController.swift */ = {isa = PBXFileReference; lastKnownFileType = sourcecode.swift; path = ConfigureScheduleViewController.swift; sourceTree = "<group>"; };
		B8C27C9F2A6549740085686A /* CreateEventViewController.swift */ = {isa = PBXFileReference; lastKnownFileType = sourcecode.swift; path = CreateEventViewController.swift; sourceTree = "<group>"; };
		B8C27CA12A65498E0085686A /* CreateHabitViewController.swift */ = {isa = PBXFileReference; lastKnownFileType = sourcecode.swift; path = CreateHabitViewController.swift; sourceTree = "<group>"; };
		B8C27CA32A6549A60085686A /* CreateTrackerViewController.swift */ = {isa = PBXFileReference; lastKnownFileType = sourcecode.swift; path = CreateTrackerViewController.swift; sourceTree = "<group>"; };
		B8C27CA62A6550C80085686A /* CustomTextField.swift */ = {isa = PBXFileReference; lastKnownFileType = sourcecode.swift; path = CustomTextField.swift; sourceTree = "<group>"; };
		B8C27CAA2A6550F30085686A /* SettingTableViewCell.swift */ = {isa = PBXFileReference; lastKnownFileType = sourcecode.swift; path = SettingTableViewCell.swift; sourceTree = "<group>"; };
		B8C27CAC2A6551060085686A /* SwitchTableViewCell.swift */ = {isa = PBXFileReference; lastKnownFileType = sourcecode.swift; path = SwitchTableViewCell.swift; sourceTree = "<group>"; };
		B8C27CAE2A65511C0085686A /* TrackerCollectionViewCell.swift */ = {isa = PBXFileReference; lastKnownFileType = sourcecode.swift; path = TrackerCollectionViewCell.swift; sourceTree = "<group>"; };
		B8C27CB02A6551340085686A /* TrackerCollectionViewHeader.swift */ = {isa = PBXFileReference; lastKnownFileType = sourcecode.swift; path = TrackerCollectionViewHeader.swift; sourceTree = "<group>"; };
/* End PBXFileReference section */

/* Begin PBXFrameworksBuildPhase section */
		B8A52D882A140D03003218FC /* Frameworks */ = {
			isa = PBXFrameworksBuildPhase;
			buildActionMask = 2147483647;
			files = (
			);
			runOnlyForDeploymentPostprocessing = 0;
		};
/* End PBXFrameworksBuildPhase section */

/* Begin PBXGroup section */
		B8A52D822A140D03003218FC = {
			isa = PBXGroup;
			children = (
				B8A52D8D2A140D03003218FC /* Tracker */,
				B8A52D8C2A140D03003218FC /* Products */,
			);
			sourceTree = "<group>";
		};
		B8A52D8C2A140D03003218FC /* Products */ = {
			isa = PBXGroup;
			children = (
				B8A52D8B2A140D03003218FC /* Tracker.app */,
			);
			name = Products;
			sourceTree = "<group>";
		};
		B8A52D8D2A140D03003218FC /* Tracker */ = {
			isa = PBXGroup;
			children = (
				B8C27C942A6548830085686A /* Utilities */,
				B8C27C8D2A3BA92B0085686A /* Models */,
				B8A52DA32A141A08003218FC /* Extensions */,
				B8A52DA22A1419D5003218FC /* ViewControllers */,
				B8C27CA52A6550B70085686A /* Views */,
				B8A52D902A140D03003218FC /* SceneDelegate.swift */,
				B8A52D8E2A140D03003218FC /* AppDelegate.swift */,
				B8A52D942A140D03003218FC /* Main.storyboard */,
				B8A52D972A140D05003218FC /* Assets.xcassets */,
				B8A52D992A140D05003218FC /* LaunchScreen.storyboard */,
				B8A52D9C2A140D05003218FC /* Info.plist */,
			);
			path = Tracker;
			sourceTree = "<group>";
		};
		B8A52DA22A1419D5003218FC /* ViewControllers */ = {
			isa = PBXGroup;
			children = (
				B8A52D922A140D03003218FC /* MainTabBarController.swift */,
				B8A52DA62A141B6C003218FC /* TrackersViewController.swift */,
				B8A52DA82A141B79003218FC /* StatisticsViewController.swift */,
				B8C27C9D2A65495D0085686A /* ConfigureScheduleViewController.swift */,
				B8C27C9F2A6549740085686A /* CreateEventViewController.swift */,
				B8C27CA12A65498E0085686A /* CreateHabitViewController.swift */,
				B8C27CA32A6549A60085686A /* CreateTrackerViewController.swift */,
			);
			path = ViewControllers;
			sourceTree = "<group>";
		};
		B8A52DA32A141A08003218FC /* Extensions */ = {
			isa = PBXGroup;
			children = (
				B8A52DA42A141A22003218FC /* UIColor+extensions.swift */,
				B8C27C8B2A3BA5FC0085686A /* UIViewController+extensions.swift */,
			);
			path = Extensions;
			sourceTree = "<group>";
		};
		B8C27C8D2A3BA92B0085686A /* Models */ = {
			isa = PBXGroup;
			children = (
				B8C27C8E2A3BA9450085686A /* CategoryModel.swift */,
				B8C27C902A3BA95F0085686A /* RecordModel.swift */,
				B8C27C922A3BA9750085686A /* TrackerModel.swift */,
			);
			path = Models;
			sourceTree = "<group>";
		};
		B8C27C942A6548830085686A /* Utilities */ = {
			isa = PBXGroup;
			children = (
				B8C27C952A65489F0085686A /* CollectionWidthParameters.swift */,
				B8C27C972A6548C00085686A /* SettingOptions.swift */,
				B8C27C992A6548D60085686A /* SwitchOptions.swift */,
				B8C27C9B2A6548EA0085686A /* WeekDay.swift */,
			);
			path = Utilities;
			sourceTree = "<group>";
		};
		B8C27CA52A6550B70085686A /* Views */ = {
			isa = PBXGroup;
			children = (
				B8C27CA62A6550C80085686A /* CustomTextField.swift */,
				B8C27CAA2A6550F30085686A /* SettingTableViewCell.swift */,
				B8C27CAC2A6551060085686A /* SwitchTableViewCell.swift */,
				B8C27CAE2A65511C0085686A /* TrackerCollectionViewCell.swift */,
				B8C27CB02A6551340085686A /* TrackerCollectionViewHeader.swift */,
			);
			path = Views;
			sourceTree = "<group>";
		};
/* End PBXGroup section */

/* Begin PBXNativeTarget section */
		B8A52D8A2A140D03003218FC /* Tracker */ = {
			isa = PBXNativeTarget;
			buildConfigurationList = B8A52D9F2A140D05003218FC /* Build configuration list for PBXNativeTarget "Tracker" */;
			buildPhases = (
				B8A52D872A140D03003218FC /* Sources */,
				B8A52D882A140D03003218FC /* Frameworks */,
				B8A52D892A140D03003218FC /* Resources */,
			);
			buildRules = (
			);
			dependencies = (
			);
			name = Tracker;
			productName = Tracker;
			productReference = B8A52D8B2A140D03003218FC /* Tracker.app */;
			productType = "com.apple.product-type.application";
		};
/* End PBXNativeTarget section */

/* Begin PBXProject section */
		B8A52D832A140D03003218FC /* Project object */ = {
			isa = PBXProject;
			attributes = {
				BuildIndependentTargetsInParallel = 1;
				LastSwiftUpdateCheck = 1430;
				LastUpgradeCheck = 1430;
				TargetAttributes = {
					B8A52D8A2A140D03003218FC = {
						CreatedOnToolsVersion = 14.3;
					};
				};
			};
			buildConfigurationList = B8A52D862A140D03003218FC /* Build configuration list for PBXProject "Tracker" */;
			compatibilityVersion = "Xcode 14.0";
			developmentRegion = en;
			hasScannedForEncodings = 0;
			knownRegions = (
				en,
				Base,
			);
			mainGroup = B8A52D822A140D03003218FC;
			productRefGroup = B8A52D8C2A140D03003218FC /* Products */;
			projectDirPath = "";
			projectRoot = "";
			targets = (
				B8A52D8A2A140D03003218FC /* Tracker */,
			);
		};
/* End PBXProject section */

/* Begin PBXResourcesBuildPhase section */
		B8A52D892A140D03003218FC /* Resources */ = {
			isa = PBXResourcesBuildPhase;
			buildActionMask = 2147483647;
			files = (
				B8A52D9B2A140D05003218FC /* LaunchScreen.storyboard in Resources */,
				B8A52D982A140D05003218FC /* Assets.xcassets in Resources */,
				B8A52D962A140D03003218FC /* Main.storyboard in Resources */,
			);
			runOnlyForDeploymentPostprocessing = 0;
		};
/* End PBXResourcesBuildPhase section */

/* Begin PBXSourcesBuildPhase section */
		B8A52D872A140D03003218FC /* Sources */ = {
			isa = PBXSourcesBuildPhase;
			buildActionMask = 2147483647;
			files = (
				B8C27C9C2A6548EA0085686A /* WeekDay.swift in Sources */,
				B8A52D932A140D03003218FC /* MainTabBarController.swift in Sources */,
				B8C27CAD2A6551060085686A /* SwitchTableViewCell.swift in Sources */,
				B8A52D8F2A140D03003218FC /* AppDelegate.swift in Sources */,
				B8C27C912A3BA95F0085686A /* RecordModel.swift in Sources */,
				B8C27CAF2A65511C0085686A /* TrackerCollectionViewCell.swift in Sources */,
				B8C27C8C2A3BA5FC0085686A /* UIViewController+extensions.swift in Sources */,
				B8C27CA72A6550C80085686A /* CustomTextField.swift in Sources */,
				B8C27CAB2A6550F30085686A /* SettingTableViewCell.swift in Sources */,
				B8A52DA72A141B6C003218FC /* TrackersViewController.swift in Sources */,
				B8A52DA92A141B79003218FC /* StatisticsViewController.swift in Sources */,
				B8C27C9E2A65495D0085686A /* ConfigureScheduleViewController.swift in Sources */,
				B8C27C8F2A3BA9450085686A /* CategoryModel.swift in Sources */,
				B8C27CA42A6549A60085686A /* CreateTrackerViewController.swift in Sources */,
				B8C27CB12A6551340085686A /* TrackerCollectionViewHeader.swift in Sources */,
				B8C27C9A2A6548D60085686A /* SwitchOptions.swift in Sources */,
				B8C27C962A65489F0085686A /* CollectionWidthParameters.swift in Sources */,
				B8A52D912A140D03003218FC /* SceneDelegate.swift in Sources */,
				B8C27C982A6548C00085686A /* SettingOptions.swift in Sources */,
				B8C27C932A3BA9750085686A /* TrackerModel.swift in Sources */,
				B8A52DA52A141A22003218FC /* UIColor+extensions.swift in Sources */,
				B8C27CA22A65498E0085686A /* CreateHabitViewController.swift in Sources */,
				B8C27CA02A6549740085686A /* CreateEventViewController.swift in Sources */,
			);
			runOnlyForDeploymentPostprocessing = 0;
		};
/* End PBXSourcesBuildPhase section */

/* Begin PBXVariantGroup section */
		B8A52D942A140D03003218FC /* Main.storyboard */ = {
			isa = PBXVariantGroup;
			children = (
				B8A52D952A140D03003218FC /* Base */,
			);
			name = Main.storyboard;
			sourceTree = "<group>";
		};
		B8A52D992A140D05003218FC /* LaunchScreen.storyboard */ = {
			isa = PBXVariantGroup;
			children = (
				B8A52D9A2A140D05003218FC /* Base */,
			);
			name = LaunchScreen.storyboard;
			sourceTree = "<group>";
		};
/* End PBXVariantGroup section */

/* Begin XCBuildConfiguration section */
		B8A52D9D2A140D05003218FC /* Debug */ = {
			isa = XCBuildConfiguration;
			buildSettings = {
				ALWAYS_SEARCH_USER_PATHS = NO;
				CLANG_ANALYZER_NONNULL = YES;
				CLANG_ANALYZER_NUMBER_OBJECT_CONVERSION = YES_AGGRESSIVE;
				CLANG_CXX_LANGUAGE_STANDARD = "gnu++20";
				CLANG_ENABLE_MODULES = YES;
				CLANG_ENABLE_OBJC_ARC = YES;
				CLANG_ENABLE_OBJC_WEAK = YES;
				CLANG_WARN_BLOCK_CAPTURE_AUTORELEASING = YES;
				CLANG_WARN_BOOL_CONVERSION = YES;
				CLANG_WARN_COMMA = YES;
				CLANG_WARN_CONSTANT_CONVERSION = YES;
				CLANG_WARN_DEPRECATED_OBJC_IMPLEMENTATIONS = YES;
				CLANG_WARN_DIRECT_OBJC_ISA_USAGE = YES_ERROR;
				CLANG_WARN_DOCUMENTATION_COMMENTS = YES;
				CLANG_WARN_EMPTY_BODY = YES;
				CLANG_WARN_ENUM_CONVERSION = YES;
				CLANG_WARN_INFINITE_RECURSION = YES;
				CLANG_WARN_INT_CONVERSION = YES;
				CLANG_WARN_NON_LITERAL_NULL_CONVERSION = YES;
				CLANG_WARN_OBJC_IMPLICIT_RETAIN_SELF = YES;
				CLANG_WARN_OBJC_LITERAL_CONVERSION = YES;
				CLANG_WARN_OBJC_ROOT_CLASS = YES_ERROR;
				CLANG_WARN_QUOTED_INCLUDE_IN_FRAMEWORK_HEADER = YES;
				CLANG_WARN_RANGE_LOOP_ANALYSIS = YES;
				CLANG_WARN_STRICT_PROTOTYPES = YES;
				CLANG_WARN_SUSPICIOUS_MOVE = YES;
				CLANG_WARN_UNGUARDED_AVAILABILITY = YES_AGGRESSIVE;
				CLANG_WARN_UNREACHABLE_CODE = YES;
				CLANG_WARN__DUPLICATE_METHOD_MATCH = YES;
				COPY_PHASE_STRIP = NO;
				DEBUG_INFORMATION_FORMAT = dwarf;
				ENABLE_STRICT_OBJC_MSGSEND = YES;
				ENABLE_TESTABILITY = YES;
				GCC_C_LANGUAGE_STANDARD = gnu11;
				GCC_DYNAMIC_NO_PIC = NO;
				GCC_NO_COMMON_BLOCKS = YES;
				GCC_OPTIMIZATION_LEVEL = 0;
				GCC_PREPROCESSOR_DEFINITIONS = (
					"DEBUG=1",
					"$(inherited)",
				);
				GCC_WARN_64_TO_32_BIT_CONVERSION = YES;
				GCC_WARN_ABOUT_RETURN_TYPE = YES_ERROR;
				GCC_WARN_UNDECLARED_SELECTOR = YES;
				GCC_WARN_UNINITIALIZED_AUTOS = YES_AGGRESSIVE;
				GCC_WARN_UNUSED_FUNCTION = YES;
				GCC_WARN_UNUSED_VARIABLE = YES;
				IPHONEOS_DEPLOYMENT_TARGET = 16.4;
				MTL_ENABLE_DEBUG_INFO = INCLUDE_SOURCE;
				MTL_FAST_MATH = YES;
				ONLY_ACTIVE_ARCH = YES;
				SDKROOT = iphoneos;
				SWIFT_ACTIVE_COMPILATION_CONDITIONS = DEBUG;
				SWIFT_OPTIMIZATION_LEVEL = "-Onone";
			};
			name = Debug;
		};
		B8A52D9E2A140D05003218FC /* Release */ = {
			isa = XCBuildConfiguration;
			buildSettings = {
				ALWAYS_SEARCH_USER_PATHS = NO;
				CLANG_ANALYZER_NONNULL = YES;
				CLANG_ANALYZER_NUMBER_OBJECT_CONVERSION = YES_AGGRESSIVE;
				CLANG_CXX_LANGUAGE_STANDARD = "gnu++20";
				CLANG_ENABLE_MODULES = YES;
				CLANG_ENABLE_OBJC_ARC = YES;
				CLANG_ENABLE_OBJC_WEAK = YES;
				CLANG_WARN_BLOCK_CAPTURE_AUTORELEASING = YES;
				CLANG_WARN_BOOL_CONVERSION = YES;
				CLANG_WARN_COMMA = YES;
				CLANG_WARN_CONSTANT_CONVERSION = YES;
				CLANG_WARN_DEPRECATED_OBJC_IMPLEMENTATIONS = YES;
				CLANG_WARN_DIRECT_OBJC_ISA_USAGE = YES_ERROR;
				CLANG_WARN_DOCUMENTATION_COMMENTS = YES;
				CLANG_WARN_EMPTY_BODY = YES;
				CLANG_WARN_ENUM_CONVERSION = YES;
				CLANG_WARN_INFINITE_RECURSION = YES;
				CLANG_WARN_INT_CONVERSION = YES;
				CLANG_WARN_NON_LITERAL_NULL_CONVERSION = YES;
				CLANG_WARN_OBJC_IMPLICIT_RETAIN_SELF = YES;
				CLANG_WARN_OBJC_LITERAL_CONVERSION = YES;
				CLANG_WARN_OBJC_ROOT_CLASS = YES_ERROR;
				CLANG_WARN_QUOTED_INCLUDE_IN_FRAMEWORK_HEADER = YES;
				CLANG_WARN_RANGE_LOOP_ANALYSIS = YES;
				CLANG_WARN_STRICT_PROTOTYPES = YES;
				CLANG_WARN_SUSPICIOUS_MOVE = YES;
				CLANG_WARN_UNGUARDED_AVAILABILITY = YES_AGGRESSIVE;
				CLANG_WARN_UNREACHABLE_CODE = YES;
				CLANG_WARN__DUPLICATE_METHOD_MATCH = YES;
				COPY_PHASE_STRIP = NO;
				DEBUG_INFORMATION_FORMAT = "dwarf-with-dsym";
				ENABLE_NS_ASSERTIONS = NO;
				ENABLE_STRICT_OBJC_MSGSEND = YES;
				GCC_C_LANGUAGE_STANDARD = gnu11;
				GCC_NO_COMMON_BLOCKS = YES;
				GCC_WARN_64_TO_32_BIT_CONVERSION = YES;
				GCC_WARN_ABOUT_RETURN_TYPE = YES_ERROR;
				GCC_WARN_UNDECLARED_SELECTOR = YES;
				GCC_WARN_UNINITIALIZED_AUTOS = YES_AGGRESSIVE;
				GCC_WARN_UNUSED_FUNCTION = YES;
				GCC_WARN_UNUSED_VARIABLE = YES;
				IPHONEOS_DEPLOYMENT_TARGET = 16.4;
				MTL_ENABLE_DEBUG_INFO = NO;
				MTL_FAST_MATH = YES;
				SDKROOT = iphoneos;
				SWIFT_COMPILATION_MODE = wholemodule;
				SWIFT_OPTIMIZATION_LEVEL = "-O";
				VALIDATE_PRODUCT = YES;
			};
			name = Release;
		};
		B8A52DA02A140D05003218FC /* Debug */ = {
			isa = XCBuildConfiguration;
			buildSettings = {
				ASSETCATALOG_COMPILER_APPICON_NAME = AppIcon;
				ASSETCATALOG_COMPILER_GLOBAL_ACCENT_COLOR_NAME = AccentColor;
				CODE_SIGN_STYLE = Automatic;
				CURRENT_PROJECT_VERSION = 1;
				DEVELOPMENT_TEAM = 7C59PZCS84;
				GENERATE_INFOPLIST_FILE = YES;
				INFOPLIST_FILE = Tracker/Info.plist;
				INFOPLIST_KEY_UIApplicationSupportsIndirectInputEvents = YES;
				INFOPLIST_KEY_UILaunchStoryboardName = LaunchScreen;
				INFOPLIST_KEY_UIMainStoryboardFile = Main;
				INFOPLIST_KEY_UIStatusBarStyle = "";
				INFOPLIST_KEY_UISupportedInterfaceOrientations = UIInterfaceOrientationPortrait;
				IPHONEOS_DEPLOYMENT_TARGET = 13.4;
				LD_RUNPATH_SEARCH_PATHS = (
					"$(inherited)",
					"@executable_path/Frameworks",
				);
				MARKETING_VERSION = 1.0;
				PRODUCT_BUNDLE_IDENTIFIER = ru.yandex.practicum.Tracker;
				PRODUCT_NAME = "$(TARGET_NAME)";
				SWIFT_EMIT_LOC_STRINGS = YES;
				SWIFT_VERSION = 5.0;
				TARGETED_DEVICE_FAMILY = "1,2";
			};
			name = Debug;
		};
		B8A52DA12A140D05003218FC /* Release */ = {
			isa = XCBuildConfiguration;
			buildSettings = {
				ASSETCATALOG_COMPILER_APPICON_NAME = AppIcon;
				ASSETCATALOG_COMPILER_GLOBAL_ACCENT_COLOR_NAME = AccentColor;
				CODE_SIGN_STYLE = Automatic;
				CURRENT_PROJECT_VERSION = 1;
				DEVELOPMENT_TEAM = 7C59PZCS84;
				GENERATE_INFOPLIST_FILE = YES;
				INFOPLIST_FILE = Tracker/Info.plist;
				INFOPLIST_KEY_UIApplicationSupportsIndirectInputEvents = YES;
				INFOPLIST_KEY_UILaunchStoryboardName = LaunchScreen;
				INFOPLIST_KEY_UIMainStoryboardFile = Main;
				INFOPLIST_KEY_UIStatusBarStyle = "";
				INFOPLIST_KEY_UISupportedInterfaceOrientations = UIInterfaceOrientationPortrait;
				IPHONEOS_DEPLOYMENT_TARGET = 13.4;
				LD_RUNPATH_SEARCH_PATHS = (
					"$(inherited)",
					"@executable_path/Frameworks",
				);
				MARKETING_VERSION = 1.0;
				PRODUCT_BUNDLE_IDENTIFIER = ru.yandex.practicum.Tracker;
				PRODUCT_NAME = "$(TARGET_NAME)";
				SWIFT_EMIT_LOC_STRINGS = YES;
				SWIFT_VERSION = 5.0;
				TARGETED_DEVICE_FAMILY = "1,2";
			};
			name = Release;
		};
/* End XCBuildConfiguration section */

/* Begin XCConfigurationList section */
		B8A52D862A140D03003218FC /* Build configuration list for PBXProject "Tracker" */ = {
			isa = XCConfigurationList;
			buildConfigurations = (
				B8A52D9D2A140D05003218FC /* Debug */,
				B8A52D9E2A140D05003218FC /* Release */,
			);
			defaultConfigurationIsVisible = 0;
			defaultConfigurationName = Release;
		};
		B8A52D9F2A140D05003218FC /* Build configuration list for PBXNativeTarget "Tracker" */ = {
			isa = XCConfigurationList;
			buildConfigurations = (
				B8A52DA02A140D05003218FC /* Debug */,
				B8A52DA12A140D05003218FC /* Release */,
			);
			defaultConfigurationIsVisible = 0;
			defaultConfigurationName = Release;
		};
/* End XCConfigurationList section */
	};
	rootObject = B8A52D832A140D03003218FC /* Project object */;
}
